<?xml version="1.0" encoding="UTF-8" standalone="yes" ?>
<CodeBlocks_project_file>
	<FileVersion major="1" minor="6" />
	<Project>
		<Option title="PIUMaX 2.0" />
		<Option pch_mode="2" />
		<Option compiler="gcc" />
		<Build>
			<Script file="lib_finder.script" />
			<Target title="Debug">
				<Option output="PIU2/PIUMaX2" prefix_auto="1" extension_auto="1" />
				<Option object_output="obj/Debug/" />
				<Option type="1" />
				<Option compiler="gcc" />
				<Compiler>
					<Add option="-g" />
				</Compiler>
			</Target>
			<Target title="Release">
				<Option output="PIU2/PIUMaX2" prefix_auto="1" extension_auto="1" />
				<Option object_output="obj/Release/" />
				<Option type="1" />
				<Option compiler="gcc" />
				<Compiler>
					<Add option="-O2" />
				</Compiler>
				<Linker>
					<Add option="-s" />
				</Linker>
			</Target>
		</Build>
		<Compiler>
			<Add option="-std=c++11" />
			<Add option="-w" />
			<Add option="-DPIUMAX_2" />
			<Add directory="/home/ckdur/Descargas/ffmpeg-0.8" />
		</Compiler>
		<Linker>
			<Add option="-lGL -lGLU -lSDL2 -lpng" />
			<Add option="~/Descargas/ffmpeg-0.8/libavformat/libavformat.a" />
			<Add option="~/Descargas/ffmpeg-0.8/libavcodec/libavcodec.a" />
			<Add option="~/Descargas/ffmpeg-0.8/libswscale/libswscale.a" />
			<Add option="~/Descargas/ffmpeg-0.8/libavutil/libavutil.a" />
			<Add option="-llua5.1 -lpcre -lfmodex64 -lz -lpthread" />
		</Linker>
		<Unit filename="src/AccReader.cpp" />
		<Unit filename="src/AccReader.h" />
		<Unit filename="src/GLFont.cpp" />
		<Unit filename="src/GLFont.h" />
		<Unit filename="src/GLFont2.cpp" />
		<Unit filename="src/GLFont2.h" />
		<Unit filename="src/GraphMain.cpp" />
		<Unit filename="src/GraphMain.h" />
		<Unit filename="src/GraphTexture.cpp" />
		<Unit filename="src/GraphTexture.h" />
		<Unit filename="src/MainTheme.cpp" />
		<Unit filename="src/MainTheme.h" />
		<Unit filename="src/MaxInterface.cpp" />
		<Unit filename="src/MaxInterface.h" />
		<Unit filename="src/MaxInterfaceConfig.cpp" />
		<Unit filename="src/MaxInterfaceConfig.h" />
		<Unit filename="src/MaxInterfaceGame.cpp" />
		<Unit filename="src/MaxInterfaceGame.h" />
		<Unit filename="src/MaxInterfaceGameIS.cpp" />
		<Unit filename="src/MaxInterfaceGameIS.h" />
		<Unit filename="src/MaxInterfaceGameMission.cpp" />
		<Unit filename="src/MaxInterfaceGameMission.h" />
		<Unit filename="src/MaxInterfaceGameMission3D.cpp" />
		<Unit filename="src/MaxInterfaceGameMission3D.h" />
		<Unit filename="src/MaxInterfaceGameSong.cpp" />
		<Unit filename="src/MaxInterfaceGameSong.h" />
		<Unit filename="src/MaxInterfaceStep.cpp" />
		<Unit filename="src/MaxInterfaceStep.h" />
		<Unit filename="src/MaxInterfaceStepEval.cpp" />
		<Unit filename="src/MaxInterfaceStepEval.h" />
		<Unit filename="src/MaxInterfaceUSB.cpp" />
		<Unit filename="src/MaxInterfaceUSB.h" />
		<Unit filename="src/MaxInterfaceUnlocker.cpp" />
		<Unit filename="src/MaxInterfaceUnlocker.h" />
		<Unit filename="src/MaxInterfaceWelcome.cpp" />
		<Unit filename="src/MaxInterfaceWelcome.h" />
		<Unit filename="src/MaxInterface_2.cpp" />
		<Unit filename="src/MaxInterface_LUA_EVENT.cpp" />
		<Unit filename="src/MaxInterface_LUA_INIT.cpp" />
		<Unit filename="src/MaxLua.cpp" />
		<Unit filename="src/MaxLua.h" />
		<Unit filename="src/MaxLuaCommonMethods.cpp" />
		<Unit filename="src/MaxLuaCommonMethods.h" />
		<Unit filename="src/MaxMenu.cpp" />
		<Unit filename="src/MaxMenu.h" />
		<Unit filename="src/MaxScreen.cpp" />
		<Unit filename="src/MaxScreen.h" />
		<Unit filename="src/MaxScreen_2.cpp" />
		<Unit filename="src/MaxScreen_3.cpp" />
		<Unit filename="src/Maxinterface_3.cpp" />
		<Unit filename="src/MovieStream2.cpp" />
		<Unit filename="src/MovieStream2.h" />
		<Unit filename="src/OGLSprite.cpp" />
		<Unit filename="src/OGLSprite.h" />
		<Unit filename="src/OperStr.cpp" />
		<Unit filename="src/OperStr.h" />
		<Unit filename="src/PlayerStatus.cpp" />
		<Unit filename="src/PlayerStatus.h" />
		<Unit filename="src/SoundChannel.cpp" />
		<Unit filename="src/SoundChannel.h" />
		<Unit filename="src/SoundRes.cpp" />
		<Unit filename="src/SoundRes.h" />
		<Unit filename="src/SoundStream.cpp" />
		<Unit filename="src/SoundStream.h" />
		<Unit filename="src/SoundSys.cpp" />
		<Unit filename="src/SoundSys.h" />
		<Unit filename="src/SpriteRes.cpp" />
		<Unit filename="src/SpriteRes.h" />
		<Unit filename="src/StdInput.cpp" />
		<Unit filename="src/StdInput.h" />
		<Unit filename="src/StdString.h" />
		<Unit filename="src/VideoRes.cpp" />
		<Unit filename="src/VideoRes.h" />
		<Unit filename="src/basutil.cpp" />
		<Unit filename="src/basutil.h" />
		<Unit filename="src/cmnpiu.cpp" />
		<Unit filename="src/cmnpiu.h" />
		<Unit filename="src/cmnpiu_ex.h" />
		<Unit filename="src/defbas.h" />
		<Unit filename="src/defcomp.h" />
		<Unit filename="src/eventdef.cpp" />
		<Unit filename="src/eventdef.h" />
		<Unit filename="src/intdef.h" />
		<Unit filename="src/libc_max_common.cpp" />
		<Unit filename="src/libc_max_common.h" />
		<Unit filename="src/piu.cpp" />
		<Unit filename="src/piu.h" />
		<Unit filename="src/resdef.h" />
		<Unit filename="src/stdafx.cpp" />
		<Unit filename="src/stdafx.h" />
		<Extensions>
			<code_completion />
			<envvars />
			<lib_finder>
				<lib name="gl" />
				<lib name="glu" />
				<lib name="libpng" />
				<lib name="libavformat" />
				<lib name="libavcodec" />
				<lib name="libswscale" />
				<lib name="libavutil" />
				<lib name="lua5.1" />
				<lib name="sdl" />
			</lib_finder>
			<debugger />
		</Extensions>
	</Project>
</CodeBlocks_project_file>
